// !$*UTF8*$!
{
	archiveVersion = 1;
	classes = {
	};
	objectVersion = 52;
	objects = {

/* Begin PBXBuildFile section */
		1135AF232708F8E60030B003 /* DropdownPicker.swift in Sources */ = {isa = PBXBuildFile; fileRef = 1135AF222708F8E60030B003 /* DropdownPicker.swift */; };
		1135AF2627090B680030B003 /* DropdownOption.swift in Sources */ = {isa = PBXBuildFile; fileRef = 1135AF2527090B680030B003 /* DropdownOption.swift */; };
		1135AF2827090B890030B003 /* DropdownDataSource.swift in Sources */ = {isa = PBXBuildFile; fileRef = 1135AF2727090B890030B003 /* DropdownDataSource.swift */; };
		1135AF2A27090BA30030B003 /* SelfSizingTableView.swift in Sources */ = {isa = PBXBuildFile; fileRef = 1135AF2927090BA30030B003 /* SelfSizingTableView.swift */; };
		1135AF2C27090BD00030B003 /* OptionCell.swift in Sources */ = {isa = PBXBuildFile; fileRef = 1135AF2B27090BD00030B003 /* OptionCell.swift */; };
		1135AF2F27090FA30030B003 /* NewEntryView.swift in Sources */ = {isa = PBXBuildFile; fileRef = 1135AF2E27090FA30030B003 /* NewEntryView.swift */; };
		1135AF31270929380030B003 /* Font.swift in Sources */ = {isa = PBXBuildFile; fileRef = 1135AF30270929380030B003 /* Font.swift */; };
		1135AF3227092BBB0030B003 /* Montserrat-Bold.ttf in Resources */ = {isa = PBXBuildFile; fileRef = 1135AF1F2708F80E0030B003 /* Montserrat-Bold.ttf */; };
		1135AF3327092BBB0030B003 /* Montserrat-Regular.ttf in Resources */ = {isa = PBXBuildFile; fileRef = 1135AF212708F80E0030B003 /* Montserrat-Regular.ttf */; };
		1135AF3427092BBB0030B003 /* Montserrat-Light.ttf in Resources */ = {isa = PBXBuildFile; fileRef = 1135AF1E2708F80E0030B003 /* Montserrat-Light.ttf */; };
		1135AF3527092BBB0030B003 /* Montserrat-SemiBold.ttf in Resources */ = {isa = PBXBuildFile; fileRef = 1135AF202708F80E0030B003 /* Montserrat-SemiBold.ttf */; };
		1135AF37270930690030B003 /* TextField.swift in Sources */ = {isa = PBXBuildFile; fileRef = 1135AF36270930690030B003 /* TextField.swift */; };
		113DB8D3276BED9900860934 /* InsetTextField.swift in Sources */ = {isa = PBXBuildFile; fileRef = 113DB8D2276BED9900860934 /* InsetTextField.swift */; };
		113DB8D5276C131500860934 /* TagBlocking.swift in Sources */ = {isa = PBXBuildFile; fileRef = 113DB8D4276C131500860934 /* TagBlocking.swift */; };
		113DB8D9276C29CF00860934 /* WashingInstructionsViewController.swift in Sources */ = {isa = PBXBuildFile; fileRef = 113DB8D8276C29CF00860934 /* WashingInstructionsViewController.swift */; };
		113DB8DB276C29E800860934 /* WashingInstructionsView.swift in Sources */ = {isa = PBXBuildFile; fileRef = 113DB8DA276C29E800860934 /* WashingInstructionsView.swift */; };
		115400012716306C00104A2C /* BasketViewController.swift in Sources */ = {isa = PBXBuildFile; fileRef = 115400002716306C00104A2C /* BasketViewController.swift */; };
		1154000327164CDA00104A2C /* Wash.swift in Sources */ = {isa = PBXBuildFile; fileRef = 1154000227164CDA00104A2C /* Wash.swift */; };
		1154000527164CF400104A2C /* WashViewCell.swift in Sources */ = {isa = PBXBuildFile; fileRef = 1154000427164CF400104A2C /* WashViewCell.swift */; };
		1154FFFD2714E9B900104A2C /* BasketView.swift in Sources */ = {isa = PBXBuildFile; fileRef = 1154FFFC2714E9B900104A2C /* BasketView.swift */; };
		1154FFFF2714EE4500104A2C /* WashingView.swift in Sources */ = {isa = PBXBuildFile; fileRef = 1154FFFE2714EE4500104A2C /* WashingView.swift */; };
		115CDE96275EA2C0007D82FB /* HomeViewController.swift in Sources */ = {isa = PBXBuildFile; fileRef = 115CDE95275EA2C0007D82FB /* HomeViewController.swift */; };
		115CDE98275EA5D8007D82FB /* HomeView.swift in Sources */ = {isa = PBXBuildFile; fileRef = 115CDE97275EA5D8007D82FB /* HomeView.swift */; };
		115CDE9A275FCE3E007D82FB /* TopButton.swift in Sources */ = {isa = PBXBuildFile; fileRef = 115CDE99275FCE3E007D82FB /* TopButton.swift */; };
		115CDE9C275FDFA2007D82FB /* LearningButton.swift in Sources */ = {isa = PBXBuildFile; fileRef = 115CDE9B275FDFA2007D82FB /* LearningButton.swift */; };
		115CDE9E275FE867007D82FB /* NewEntryOptionsView.swift in Sources */ = {isa = PBXBuildFile; fileRef = 115CDE9D275FE867007D82FB /* NewEntryOptionsView.swift */; };
		115CDEA0276035B8007D82FB /* NewEntryOptionsViewController.swift in Sources */ = {isa = PBXBuildFile; fileRef = 115CDE9F276035B8007D82FB /* NewEntryOptionsViewController.swift */; };
		115CDEA2276130F4007D82FB /* ClothingDetailViewController.swift in Sources */ = {isa = PBXBuildFile; fileRef = 115CDEA1276130F4007D82FB /* ClothingDetailViewController.swift */; };
		115CDEA427613267007D82FB /* ClothingDetailView.swift in Sources */ = {isa = PBXBuildFile; fileRef = 115CDEA327613267007D82FB /* ClothingDetailView.swift */; };
		115CDEA827613E8E007D82FB /* ClotingInfoCell.swift in Sources */ = {isa = PBXBuildFile; fileRef = 115CDEA727613E8E007D82FB /* ClotingInfoCell.swift */; };
		1191F84F276165CF005B47AE /* ClothingManager.swift in Sources */ = {isa = PBXBuildFile; fileRef = 1191F84E276165CF005B47AE /* ClothingManager.swift */; };
		1191F85127616621005B47AE /* ClothingHeaderView.swift in Sources */ = {isa = PBXBuildFile; fileRef = 1191F85027616621005B47AE /* ClothingHeaderView.swift */; };
		1191F85327616678005B47AE /* ClothingFilterManager.swift in Sources */ = {isa = PBXBuildFile; fileRef = 1191F85227616678005B47AE /* ClothingFilterManager.swift */; };
		1191F85627616D23005B47AE /* FilterTypeCell.swift in Sources */ = {isa = PBXBuildFile; fileRef = 1191F85527616D23005B47AE /* FilterTypeCell.swift */; };
		11A0193927094A2A00BDF309 /* WashingViewController.swift in Sources */ = {isa = PBXBuildFile; fileRef = 11A0193827094A2A00BDF309 /* WashingViewController.swift */; };
		11A0193C2709538700BDF309 /* WashingCell.swift in Sources */ = {isa = PBXBuildFile; fileRef = 11A0193B2709538700BDF309 /* WashingCell.swift */; };
		11A0193F27096BEA00BDF309 /* Clothing.swift in Sources */ = {isa = PBXBuildFile; fileRef = 11A0193E27096BEA00BDF309 /* Clothing.swift */; };
		11A0194127096C3600BDF309 /* WashingTag.swift in Sources */ = {isa = PBXBuildFile; fileRef = 11A0194027096C3600BDF309 /* WashingTag.swift */; };
		11A0194327096C5900BDF309 /* ClothingType.swift in Sources */ = {isa = PBXBuildFile; fileRef = 11A0194227096C5900BDF309 /* ClothingType.swift */; };
		11A0194527096C8100BDF309 /* TagCategory.swift in Sources */ = {isa = PBXBuildFile; fileRef = 11A0194427096C8100BDF309 /* TagCategory.swift */; };
		11A0194727096CA600BDF309 /* ClothingColor.swift in Sources */ = {isa = PBXBuildFile; fileRef = 11A0194627096CA600BDF309 /* ClothingColor.swift */; };
		11A0194A27096CF000BDF309 /* TagDatabase.swift in Sources */ = {isa = PBXBuildFile; fileRef = 11A0194927096CF000BDF309 /* TagDatabase.swift */; };
		11A0194C27096E3A00BDF309 /* ClosetDatabase.swift in Sources */ = {isa = PBXBuildFile; fileRef = 11A0194B27096E3A00BDF309 /* ClosetDatabase.swift */; };
		11A0194E270A03B500BDF309 /* UIView+Extensions.swift in Sources */ = {isa = PBXBuildFile; fileRef = 11A0194D270A03B500BDF309 /* UIView+Extensions.swift */; };
		11A01950270A09AC00BDF309 /* IconPickerViewController.swift in Sources */ = {isa = PBXBuildFile; fileRef = 11A0194F270A09AC00BDF309 /* IconPickerViewController.swift */; };
		11A01953270A190A00BDF309 /* HeaderCell.swift in Sources */ = {isa = PBXBuildFile; fileRef = 11A01952270A190A00BDF309 /* HeaderCell.swift */; };
		11A01955270A192100BDF309 /* WasingTagCell.swift in Sources */ = {isa = PBXBuildFile; fileRef = 11A01954270A192100BDF309 /* WasingTagCell.swift */; };
		11A01957270A193A00BDF309 /* IconPickerCollectionViewManager.swift in Sources */ = {isa = PBXBuildFile; fileRef = 11A01956270A193A00BDF309 /* IconPickerCollectionViewManager.swift */; };
		11AB2981271650B7001A89D2 /* BasketDatabase.swift in Sources */ = {isa = PBXBuildFile; fileRef = 11AB2980271650B7001A89D2 /* BasketDatabase.swift */; };
		11AD33AB2708ED9800FBA29C /* Colors.swift in Sources */ = {isa = PBXBuildFile; fileRef = 11AD33AA2708ED9800FBA29C /* Colors.swift */; };
		11AE70A0276A504300DB640A /* GoogleService-Info.plist in Resources */ = {isa = PBXBuildFile; fileRef = 11AE709F276A504300DB640A /* GoogleService-Info.plist */; };
		11AE70A9276AC64A00DB640A /* FabricDetailViewController.swift in Sources */ = {isa = PBXBuildFile; fileRef = 11AE70A8276AC64A00DB640A /* FabricDetailViewController.swift */; };
		11AE70AB276AC68B00DB640A /* FabricDetailView.swift in Sources */ = {isa = PBXBuildFile; fileRef = 11AE70AA276AC68B00DB640A /* FabricDetailView.swift */; };
		11B22401276ACB1A001BD374 /* FirebaseStorage in Frameworks */ = {isa = PBXBuildFile; productRef = 11B22400276ACB1A001BD374 /* FirebaseStorage */; };
		11B22403276ACB2B001BD374 /* FirebaseAnalytics in Frameworks */ = {isa = PBXBuildFile; productRef = 11B22402276ACB2B001BD374 /* FirebaseAnalytics */; };
		11B22405276ACB2B001BD374 /* FirebaseDatabase in Frameworks */ = {isa = PBXBuildFile; productRef = 11B22404276ACB2B001BD374 /* FirebaseDatabase */; };
		11DB40BF2763FEB400347F1D /* ClosetView.swift in Sources */ = {isa = PBXBuildFile; fileRef = 11DB40BE2763FEB400347F1D /* ClosetView.swift */; };
		11DB40C22763FEC900347F1D /* ClosetCell.swift in Sources */ = {isa = PBXBuildFile; fileRef = 11DB40C12763FEC900347F1D /* ClosetCell.swift */; };
		11E41B07270A7F8E00458E56 /* AreaPicker.swift in Sources */ = {isa = PBXBuildFile; fileRef = 11E41B06270A7F8E00458E56 /* AreaPicker.swift */; };
		11E41B09270A7FAF00458E56 /* UIStackView+Extensions.swift in Sources */ = {isa = PBXBuildFile; fileRef = 11E41B08270A7FAF00458E56 /* UIStackView+Extensions.swift */; };
		11EC079427641778004AFE05 /* ClothingSymbolsCell.swift in Sources */ = {isa = PBXBuildFile; fileRef = 11EC079327641778004AFE05 /* ClothingSymbolsCell.swift */; };
		11EC079727641F91004AFE05 /* UITableView+Extensions.swift in Sources */ = {isa = PBXBuildFile; fileRef = 11EC079627641F91004AFE05 /* UITableView+Extensions.swift */; };
		11EC079A276580C0004AFE05 /* FabricViewController.swift in Sources */ = {isa = PBXBuildFile; fileRef = 11EC0799276580C0004AFE05 /* FabricViewController.swift */; };
		11EC079C276580C9004AFE05 /* FabricView.swift in Sources */ = {isa = PBXBuildFile; fileRef = 11EC079B276580C9004AFE05 /* FabricView.swift */; };
		11EC079E276580D4004AFE05 /* FabricCell.swift in Sources */ = {isa = PBXBuildFile; fileRef = 11EC079D276580D4004AFE05 /* FabricCell.swift */; };
		11EC07A0276581A5004AFE05 /* Fabric.swift in Sources */ = {isa = PBXBuildFile; fileRef = 11EC079F276581A5004AFE05 /* Fabric.swift */; };
		11EC07A227658EE8004AFE05 /* ClosetViewController.swift in Sources */ = {isa = PBXBuildFile; fileRef = 11EC07A127658EE8004AFE05 /* ClosetViewController.swift */; };
		11EEB86F27693CC9000257F0 /* UnderstandingSymbolsViewController.swift in Sources */ = {isa = PBXBuildFile; fileRef = 11EEB86E27693CC9000257F0 /* UnderstandingSymbolsViewController.swift */; };
		11EEB8712769586E000257F0 /* FabicManager.swift in Sources */ = {isa = PBXBuildFile; fileRef = 11EEB8702769586E000257F0 /* FabicManager.swift */; };
		11EF18CA2708E71000473615 /* AppDelegate.swift in Sources */ = {isa = PBXBuildFile; fileRef = 11EF18C92708E71000473615 /* AppDelegate.swift */; };
		11EF18CC2708E71000473615 /* SceneDelegate.swift in Sources */ = {isa = PBXBuildFile; fileRef = 11EF18CB2708E71000473615 /* SceneDelegate.swift */; };
		11EF18CE2708E71000473615 /* NewEntryViewController.swift in Sources */ = {isa = PBXBuildFile; fileRef = 11EF18CD2708E71000473615 /* NewEntryViewController.swift */; };
		11EF18D12708E71000473615 /* Main.storyboard in Resources */ = {isa = PBXBuildFile; fileRef = 11EF18CF2708E71000473615 /* Main.storyboard */; };
		11EF18D32708E71200473615 /* Assets.xcassets in Resources */ = {isa = PBXBuildFile; fileRef = 11EF18D22708E71200473615 /* Assets.xcassets */; };
		11EF18D62708E71200473615 /* LaunchScreen.storyboard in Resources */ = {isa = PBXBuildFile; fileRef = 11EF18D42708E71200473615 /* LaunchScreen.storyboard */; };
		11EF18DE2708E89500473615 /* NFCReader.swift in Sources */ = {isa = PBXBuildFile; fileRef = 11EF18DD2708E89500473615 /* NFCReader.swift */; };
/* End PBXBuildFile section */

/* Begin PBXFileReference section */
		1135AF1E2708F80E0030B003 /* Montserrat-Light.ttf */ = {isa = PBXFileReference; lastKnownFileType = file; path = "Montserrat-Light.ttf"; sourceTree = "<group>"; };
		1135AF1F2708F80E0030B003 /* Montserrat-Bold.ttf */ = {isa = PBXFileReference; lastKnownFileType = file; path = "Montserrat-Bold.ttf"; sourceTree = "<group>"; };
		1135AF202708F80E0030B003 /* Montserrat-SemiBold.ttf */ = {isa = PBXFileReference; lastKnownFileType = file; path = "Montserrat-SemiBold.ttf"; sourceTree = "<group>"; };
		1135AF212708F80E0030B003 /* Montserrat-Regular.ttf */ = {isa = PBXFileReference; lastKnownFileType = file; path = "Montserrat-Regular.ttf"; sourceTree = "<group>"; };
		1135AF222708F8E60030B003 /* DropdownPicker.swift */ = {isa = PBXFileReference; lastKnownFileType = sourcecode.swift; path = DropdownPicker.swift; sourceTree = "<group>"; };
		1135AF2527090B680030B003 /* DropdownOption.swift */ = {isa = PBXFileReference; lastKnownFileType = sourcecode.swift; path = DropdownOption.swift; sourceTree = "<group>"; };
		1135AF2727090B890030B003 /* DropdownDataSource.swift */ = {isa = PBXFileReference; lastKnownFileType = sourcecode.swift; path = DropdownDataSource.swift; sourceTree = "<group>"; };
		1135AF2927090BA30030B003 /* SelfSizingTableView.swift */ = {isa = PBXFileReference; lastKnownFileType = sourcecode.swift; path = SelfSizingTableView.swift; sourceTree = "<group>"; };
		1135AF2B27090BD00030B003 /* OptionCell.swift */ = {isa = PBXFileReference; lastKnownFileType = sourcecode.swift; path = OptionCell.swift; sourceTree = "<group>"; };
		1135AF2E27090FA30030B003 /* NewEntryView.swift */ = {isa = PBXFileReference; lastKnownFileType = sourcecode.swift; path = NewEntryView.swift; sourceTree = "<group>"; };
		1135AF30270929380030B003 /* Font.swift */ = {isa = PBXFileReference; lastKnownFileType = sourcecode.swift; path = Font.swift; sourceTree = "<group>"; };
		1135AF36270930690030B003 /* TextField.swift */ = {isa = PBXFileReference; lastKnownFileType = sourcecode.swift; path = TextField.swift; sourceTree = "<group>"; };
		113DB8D2276BED9900860934 /* InsetTextField.swift */ = {isa = PBXFileReference; lastKnownFileType = sourcecode.swift; path = InsetTextField.swift; sourceTree = "<group>"; };
		113DB8D4276C131500860934 /* TagBlocking.swift */ = {isa = PBXFileReference; lastKnownFileType = sourcecode.swift; path = TagBlocking.swift; sourceTree = "<group>"; };
		113DB8D8276C29CF00860934 /* WashingInstructionsViewController.swift */ = {isa = PBXFileReference; lastKnownFileType = sourcecode.swift; path = WashingInstructionsViewController.swift; sourceTree = "<group>"; };
		113DB8DA276C29E800860934 /* WashingInstructionsView.swift */ = {isa = PBXFileReference; lastKnownFileType = sourcecode.swift; path = WashingInstructionsView.swift; sourceTree = "<group>"; };
		115400002716306C00104A2C /* BasketViewController.swift */ = {isa = PBXFileReference; lastKnownFileType = sourcecode.swift; path = BasketViewController.swift; sourceTree = "<group>"; };
		1154000227164CDA00104A2C /* Wash.swift */ = {isa = PBXFileReference; lastKnownFileType = sourcecode.swift; path = Wash.swift; sourceTree = "<group>"; };
		1154000427164CF400104A2C /* WashViewCell.swift */ = {isa = PBXFileReference; lastKnownFileType = sourcecode.swift; path = WashViewCell.swift; sourceTree = "<group>"; };
		1154FFFC2714E9B900104A2C /* BasketView.swift */ = {isa = PBXFileReference; lastKnownFileType = sourcecode.swift; path = BasketView.swift; sourceTree = "<group>"; };
		1154FFFE2714EE4500104A2C /* WashingView.swift */ = {isa = PBXFileReference; lastKnownFileType = sourcecode.swift; path = WashingView.swift; sourceTree = "<group>"; };
		115CDE95275EA2C0007D82FB /* HomeViewController.swift */ = {isa = PBXFileReference; lastKnownFileType = sourcecode.swift; path = HomeViewController.swift; sourceTree = "<group>"; };
		115CDE97275EA5D8007D82FB /* HomeView.swift */ = {isa = PBXFileReference; lastKnownFileType = sourcecode.swift; path = HomeView.swift; sourceTree = "<group>"; };
		115CDE99275FCE3E007D82FB /* TopButton.swift */ = {isa = PBXFileReference; lastKnownFileType = sourcecode.swift; path = TopButton.swift; sourceTree = "<group>"; };
		115CDE9B275FDFA2007D82FB /* LearningButton.swift */ = {isa = PBXFileReference; lastKnownFileType = sourcecode.swift; path = LearningButton.swift; sourceTree = "<group>"; };
		115CDE9D275FE867007D82FB /* NewEntryOptionsView.swift */ = {isa = PBXFileReference; lastKnownFileType = sourcecode.swift; path = NewEntryOptionsView.swift; sourceTree = "<group>"; };
		115CDE9F276035B8007D82FB /* NewEntryOptionsViewController.swift */ = {isa = PBXFileReference; lastKnownFileType = sourcecode.swift; path = NewEntryOptionsViewController.swift; sourceTree = "<group>"; };
		115CDEA1276130F4007D82FB /* ClothingDetailViewController.swift */ = {isa = PBXFileReference; lastKnownFileType = sourcecode.swift; path = ClothingDetailViewController.swift; sourceTree = "<group>"; };
		115CDEA327613267007D82FB /* ClothingDetailView.swift */ = {isa = PBXFileReference; lastKnownFileType = sourcecode.swift; path = ClothingDetailView.swift; sourceTree = "<group>"; wrapsLines = 0; };
		115CDEA727613E8E007D82FB /* ClotingInfoCell.swift */ = {isa = PBXFileReference; lastKnownFileType = sourcecode.swift; path = ClotingInfoCell.swift; sourceTree = "<group>"; };
		1191F84E276165CF005B47AE /* ClothingManager.swift */ = {isa = PBXFileReference; lastKnownFileType = sourcecode.swift; path = ClothingManager.swift; sourceTree = "<group>"; };
		1191F85027616621005B47AE /* ClothingHeaderView.swift */ = {isa = PBXFileReference; lastKnownFileType = sourcecode.swift; path = ClothingHeaderView.swift; sourceTree = "<group>"; };
		1191F85227616678005B47AE /* ClothingFilterManager.swift */ = {isa = PBXFileReference; lastKnownFileType = sourcecode.swift; path = ClothingFilterManager.swift; sourceTree = "<group>"; };
		1191F85527616D23005B47AE /* FilterTypeCell.swift */ = {isa = PBXFileReference; lastKnownFileType = sourcecode.swift; path = FilterTypeCell.swift; sourceTree = "<group>"; };
		11A0193827094A2A00BDF309 /* WashingViewController.swift */ = {isa = PBXFileReference; lastKnownFileType = sourcecode.swift; path = WashingViewController.swift; sourceTree = "<group>"; };
		11A0193B2709538700BDF309 /* WashingCell.swift */ = {isa = PBXFileReference; lastKnownFileType = sourcecode.swift; path = WashingCell.swift; sourceTree = "<group>"; };
		11A0193E27096BEA00BDF309 /* Clothing.swift */ = {isa = PBXFileReference; lastKnownFileType = sourcecode.swift; path = Clothing.swift; sourceTree = "<group>"; };
		11A0194027096C3600BDF309 /* WashingTag.swift */ = {isa = PBXFileReference; lastKnownFileType = sourcecode.swift; path = WashingTag.swift; sourceTree = "<group>"; };
		11A0194227096C5900BDF309 /* ClothingType.swift */ = {isa = PBXFileReference; lastKnownFileType = sourcecode.swift; path = ClothingType.swift; sourceTree = "<group>"; };
		11A0194427096C8100BDF309 /* TagCategory.swift */ = {isa = PBXFileReference; lastKnownFileType = sourcecode.swift; path = TagCategory.swift; sourceTree = "<group>"; };
		11A0194627096CA600BDF309 /* ClothingColor.swift */ = {isa = PBXFileReference; lastKnownFileType = sourcecode.swift; path = ClothingColor.swift; sourceTree = "<group>"; };
		11A0194927096CF000BDF309 /* TagDatabase.swift */ = {isa = PBXFileReference; lastKnownFileType = sourcecode.swift; path = TagDatabase.swift; sourceTree = "<group>"; };
		11A0194B27096E3A00BDF309 /* ClosetDatabase.swift */ = {isa = PBXFileReference; lastKnownFileType = sourcecode.swift; path = ClosetDatabase.swift; sourceTree = "<group>"; };
		11A0194D270A03B500BDF309 /* UIView+Extensions.swift */ = {isa = PBXFileReference; lastKnownFileType = sourcecode.swift; path = "UIView+Extensions.swift"; sourceTree = "<group>"; };
		11A0194F270A09AC00BDF309 /* IconPickerViewController.swift */ = {isa = PBXFileReference; lastKnownFileType = sourcecode.swift; path = IconPickerViewController.swift; sourceTree = "<group>"; };
		11A01952270A190A00BDF309 /* HeaderCell.swift */ = {isa = PBXFileReference; lastKnownFileType = sourcecode.swift; path = HeaderCell.swift; sourceTree = "<group>"; };
		11A01954270A192100BDF309 /* WasingTagCell.swift */ = {isa = PBXFileReference; lastKnownFileType = sourcecode.swift; path = WasingTagCell.swift; sourceTree = "<group>"; };
		11A01956270A193A00BDF309 /* IconPickerCollectionViewManager.swift */ = {isa = PBXFileReference; lastKnownFileType = sourcecode.swift; path = IconPickerCollectionViewManager.swift; sourceTree = "<group>"; };
		11AB2980271650B7001A89D2 /* BasketDatabase.swift */ = {isa = PBXFileReference; lastKnownFileType = sourcecode.swift; path = BasketDatabase.swift; sourceTree = "<group>"; };
		11AD33AA2708ED9800FBA29C /* Colors.swift */ = {isa = PBXFileReference; lastKnownFileType = sourcecode.swift; path = Colors.swift; sourceTree = "<group>"; };
		11AE709F276A504300DB640A /* GoogleService-Info.plist */ = {isa = PBXFileReference; fileEncoding = 4; lastKnownFileType = text.plist.xml; name = "GoogleService-Info.plist"; path = "../../assets/fabrics/GoogleService-Info.plist"; sourceTree = "<group>"; };
		11AE70A8276AC64A00DB640A /* FabricDetailViewController.swift */ = {isa = PBXFileReference; lastKnownFileType = sourcecode.swift; name = FabricDetailViewController.swift; path = washd/Scenes/Fabric/FabricDetailViewController.swift; sourceTree = SOURCE_ROOT; };
		11AE70AA276AC68B00DB640A /* FabricDetailView.swift */ = {isa = PBXFileReference; lastKnownFileType = sourcecode.swift; path = FabricDetailView.swift; sourceTree = "<group>"; };
		11DB40BE2763FEB400347F1D /* ClosetView.swift */ = {isa = PBXFileReference; lastKnownFileType = sourcecode.swift; path = ClosetView.swift; sourceTree = "<group>"; };
		11DB40C12763FEC900347F1D /* ClosetCell.swift */ = {isa = PBXFileReference; lastKnownFileType = sourcecode.swift; path = ClosetCell.swift; sourceTree = "<group>"; };
		11E41B06270A7F8E00458E56 /* AreaPicker.swift */ = {isa = PBXFileReference; lastKnownFileType = sourcecode.swift; path = AreaPicker.swift; sourceTree = "<group>"; };
		11E41B08270A7FAF00458E56 /* UIStackView+Extensions.swift */ = {isa = PBXFileReference; lastKnownFileType = sourcecode.swift; path = "UIStackView+Extensions.swift"; sourceTree = "<group>"; };
		11EC0792276409A2004AFE05 /* washd.entitlements */ = {isa = PBXFileReference; fileEncoding = 4; lastKnownFileType = text.plist.entitlements; name = washd.entitlements; path = washd/washd.entitlements; sourceTree = "<group>"; };
		11EC079327641778004AFE05 /* ClothingSymbolsCell.swift */ = {isa = PBXFileReference; lastKnownFileType = sourcecode.swift; path = ClothingSymbolsCell.swift; sourceTree = "<group>"; };
		11EC079627641F91004AFE05 /* UITableView+Extensions.swift */ = {isa = PBXFileReference; lastKnownFileType = sourcecode.swift; path = "UITableView+Extensions.swift"; sourceTree = "<group>"; };
		11EC0799276580C0004AFE05 /* FabricViewController.swift */ = {isa = PBXFileReference; lastKnownFileType = sourcecode.swift; path = FabricViewController.swift; sourceTree = "<group>"; };
		11EC079B276580C9004AFE05 /* FabricView.swift */ = {isa = PBXFileReference; lastKnownFileType = sourcecode.swift; path = FabricView.swift; sourceTree = "<group>"; };
		11EC079D276580D4004AFE05 /* FabricCell.swift */ = {isa = PBXFileReference; lastKnownFileType = sourcecode.swift; path = FabricCell.swift; sourceTree = "<group>"; };
		11EC079F276581A5004AFE05 /* Fabric.swift */ = {isa = PBXFileReference; lastKnownFileType = sourcecode.swift; path = Fabric.swift; sourceTree = "<group>"; };
		11EC07A127658EE8004AFE05 /* ClosetViewController.swift */ = {isa = PBXFileReference; fileEncoding = 4; lastKnownFileType = sourcecode.swift; path = ClosetViewController.swift; sourceTree = "<group>"; };
		11EEB86E27693CC9000257F0 /* UnderstandingSymbolsViewController.swift */ = {isa = PBXFileReference; lastKnownFileType = sourcecode.swift; path = UnderstandingSymbolsViewController.swift; sourceTree = "<group>"; };
		11EEB8702769586E000257F0 /* FabicManager.swift */ = {isa = PBXFileReference; lastKnownFileType = sourcecode.swift; path = FabicManager.swift; sourceTree = "<group>"; };
		11EF18C62708E71000473615 /* washd.app */ = {isa = PBXFileReference; explicitFileType = wrapper.application; includeInIndex = 0; path = washd.app; sourceTree = BUILT_PRODUCTS_DIR; };
		11EF18C92708E71000473615 /* AppDelegate.swift */ = {isa = PBXFileReference; lastKnownFileType = sourcecode.swift; path = AppDelegate.swift; sourceTree = "<group>"; };
		11EF18CB2708E71000473615 /* SceneDelegate.swift */ = {isa = PBXFileReference; lastKnownFileType = sourcecode.swift; path = SceneDelegate.swift; sourceTree = "<group>"; };
		11EF18CD2708E71000473615 /* NewEntryViewController.swift */ = {isa = PBXFileReference; lastKnownFileType = sourcecode.swift; path = NewEntryViewController.swift; sourceTree = "<group>"; };
		11EF18D02708E71000473615 /* Base */ = {isa = PBXFileReference; lastKnownFileType = file.storyboard; name = Base; path = Base.lproj/Main.storyboard; sourceTree = "<group>"; };
		11EF18D22708E71200473615 /* Assets.xcassets */ = {isa = PBXFileReference; lastKnownFileType = folder.assetcatalog; path = Assets.xcassets; sourceTree = "<group>"; };
		11EF18D52708E71200473615 /* Base */ = {isa = PBXFileReference; lastKnownFileType = file.storyboard; name = Base; path = Base.lproj/LaunchScreen.storyboard; sourceTree = "<group>"; };
		11EF18D72708E71200473615 /* Info.plist */ = {isa = PBXFileReference; lastKnownFileType = text.plist.xml; path = Info.plist; sourceTree = "<group>"; };
		11EF18DD2708E89500473615 /* NFCReader.swift */ = {isa = PBXFileReference; lastKnownFileType = sourcecode.swift; path = NFCReader.swift; sourceTree = "<group>"; };
/* End PBXFileReference section */

/* Begin PBXFrameworksBuildPhase section */
		11EF18C32708E71000473615 /* Frameworks */ = {
			isa = PBXFrameworksBuildPhase;
			buildActionMask = 2147483647;
			files = (
				11B22405276ACB2B001BD374 /* FirebaseDatabase in Frameworks */,
				11B22403276ACB2B001BD374 /* FirebaseAnalytics in Frameworks */,
				11B22401276ACB1A001BD374 /* FirebaseStorage in Frameworks */,
			);
			runOnlyForDeploymentPostprocessing = 0;
		};
/* End PBXFrameworksBuildPhase section */

/* Begin PBXGroup section */
		1135AF192708F75B0030B003 /* DesignSystem */ = {
			isa = PBXGroup;
			children = (
				1135AF1D2708F8040030B003 /* Fonts */,
				11AD33AA2708ED9800FBA29C /* Colors.swift */,
				1135AF30270929380030B003 /* Font.swift */,
				1135AF36270930690030B003 /* TextField.swift */,
				11A0194D270A03B500BDF309 /* UIView+Extensions.swift */,
				11E41B06270A7F8E00458E56 /* AreaPicker.swift */,
				11E41B08270A7FAF00458E56 /* UIStackView+Extensions.swift */,
			);
			path = DesignSystem;
			sourceTree = "<group>";
		};
		1135AF1D2708F8040030B003 /* Fonts */ = {
			isa = PBXGroup;
			children = (
				1135AF1F2708F80E0030B003 /* Montserrat-Bold.ttf */,
				1135AF1E2708F80E0030B003 /* Montserrat-Light.ttf */,
				1135AF212708F80E0030B003 /* Montserrat-Regular.ttf */,
				1135AF202708F80E0030B003 /* Montserrat-SemiBold.ttf */,
			);
			path = Fonts;
			sourceTree = "<group>";
		};
		1135AF2427090B580030B003 /* Dropdown */ = {
			isa = PBXGroup;
			children = (
				1135AF222708F8E60030B003 /* DropdownPicker.swift */,
				1135AF2527090B680030B003 /* DropdownOption.swift */,
				1135AF2727090B890030B003 /* DropdownDataSource.swift */,
				1135AF2927090BA30030B003 /* SelfSizingTableView.swift */,
				1135AF2B27090BD00030B003 /* OptionCell.swift */,
			);
			path = Dropdown;
			sourceTree = "<group>";
		};
		1135AF2D27090F8E0030B003 /* NewEntry */ = {
			isa = PBXGroup;
			children = (
				11EF18CD2708E71000473615 /* NewEntryViewController.swift */,
				1135AF2E27090FA30030B003 /* NewEntryView.swift */,
				115CDE9D275FE867007D82FB /* NewEntryOptionsView.swift */,
				115CDE9F276035B8007D82FB /* NewEntryOptionsViewController.swift */,
			);
			path = NewEntry;
			sourceTree = "<group>";
		};
		113DB8D7276C29AF00860934 /* WashingInstructions */ = {
			isa = PBXGroup;
			children = (
				113DB8D8276C29CF00860934 /* WashingInstructionsViewController.swift */,
				113DB8DA276C29E800860934 /* WashingInstructionsView.swift */,
			);
			path = WashingInstructions;
			sourceTree = "<group>";
		};
		1154000727164D7C00104A2C /* Basket */ = {
			isa = PBXGroup;
			children = (
				1154FFFC2714E9B900104A2C /* BasketView.swift */,
				115400002716306C00104A2C /* BasketViewController.swift */,
				1154000427164CF400104A2C /* WashViewCell.swift */,
			);
			path = Basket;
			sourceTree = "<group>";
		};
		1154000827164D9C00104A2C /* Scenes */ = {
			isa = PBXGroup;
			children = (
				113DB8D7276C29AF00860934 /* WashingInstructions */,
				11EEB86D27693CA3000257F0 /* UnderstandingSymbols */,
				11A0193727094A0F00BDF309 /* Closet */,
				11EC0798276578FC004AFE05 /* Fabric */,
				11DB40BB2763ED9E00347F1D /* Clothing */,
				11DB40BA2763EA8700347F1D /* Filter */,
				11DB40B92763E96100347F1D /* Washing */,
				115CDE94275EA2B4007D82FB /* Home */,
				1135AF2D27090F8E0030B003 /* NewEntry */,
				1154000727164D7C00104A2C /* Basket */,
			);
			path = Scenes;
			sourceTree = "<group>";
		};
		1154000927164DB300104A2C /* UI */ = {
			isa = PBXGroup;
			children = (
				11A01951270A18FC00BDF309 /* IconPicker */,
				1135AF2427090B580030B003 /* Dropdown */,
				1135AF192708F75B0030B003 /* DesignSystem */,
				11EC079627641F91004AFE05 /* UITableView+Extensions.swift */,
				113DB8D2276BED9900860934 /* InsetTextField.swift */,
			);
			path = UI;
			sourceTree = "<group>";
		};
		115CDE94275EA2B4007D82FB /* Home */ = {
			isa = PBXGroup;
			children = (
				115CDE95275EA2C0007D82FB /* HomeViewController.swift */,
				115CDE97275EA5D8007D82FB /* HomeView.swift */,
				115CDE99275FCE3E007D82FB /* TopButton.swift */,
				115CDE9B275FDFA2007D82FB /* LearningButton.swift */,
			);
			path = Home;
			sourceTree = "<group>";
		};
		11A0193727094A0F00BDF309 /* Closet */ = {
			isa = PBXGroup;
			children = (
				11EC07A127658EE8004AFE05 /* ClosetViewController.swift */,
				11DB40BE2763FEB400347F1D /* ClosetView.swift */,
				11DB40C12763FEC900347F1D /* ClosetCell.swift */,
			);
			path = Closet;
			sourceTree = "<group>";
		};
		11A0193D27096BDF00BDF309 /* Model */ = {
			isa = PBXGroup;
			children = (
				11A0193E27096BEA00BDF309 /* Clothing.swift */,
				11A0194027096C3600BDF309 /* WashingTag.swift */,
				11A0194227096C5900BDF309 /* ClothingType.swift */,
				11A0194427096C8100BDF309 /* TagCategory.swift */,
				11A0194627096CA600BDF309 /* ClothingColor.swift */,
				1154000227164CDA00104A2C /* Wash.swift */,
				113DB8D4276C131500860934 /* TagBlocking.swift */,
			);
			path = Model;
			sourceTree = "<group>";
		};
		11A0194827096CE000BDF309 /* Data */ = {
			isa = PBXGroup;
			children = (
				11A0193D27096BDF00BDF309 /* Model */,
				11A0194B27096E3A00BDF309 /* ClosetDatabase.swift */,
				11AB2980271650B7001A89D2 /* BasketDatabase.swift */,
				11A0194927096CF000BDF309 /* TagDatabase.swift */,
			);
			path = Data;
			sourceTree = "<group>";
		};
		11A01951270A18FC00BDF309 /* IconPicker */ = {
			isa = PBXGroup;
			children = (
				11A0194F270A09AC00BDF309 /* IconPickerViewController.swift */,
				11A01952270A190A00BDF309 /* HeaderCell.swift */,
				11A01954270A192100BDF309 /* WasingTagCell.swift */,
				11A01956270A193A00BDF309 /* IconPickerCollectionViewManager.swift */,
			);
			path = IconPicker;
			sourceTree = "<group>";
		};
		11AE70A1276A519600DB640A /* Frameworks */ = {
			isa = PBXGroup;
			children = (
			);
			name = Frameworks;
			sourceTree = "<group>";
		};
		11DB40B92763E96100347F1D /* Washing */ = {
			isa = PBXGroup;
			children = (
				11A0193827094A2A00BDF309 /* WashingViewController.swift */,
				11A0193B2709538700BDF309 /* WashingCell.swift */,
				1154FFFE2714EE4500104A2C /* WashingView.swift */,
			);
			path = Washing;
			sourceTree = "<group>";
		};
		11DB40BA2763EA8700347F1D /* Filter */ = {
			isa = PBXGroup;
			children = (
				1191F85527616D23005B47AE /* FilterTypeCell.swift */,
			);
			path = Filter;
			sourceTree = "<group>";
		};
		11DB40BB2763ED9E00347F1D /* Clothing */ = {
			isa = PBXGroup;
			children = (
				11EC079527641DCA004AFE05 /* ClothingInfoView */,
				1191F85227616678005B47AE /* ClothingFilterManager.swift */,
				1191F85027616621005B47AE /* ClothingHeaderView.swift */,
				1191F84E276165CF005B47AE /* ClothingManager.swift */,
			);
			path = Clothing;
			sourceTree = "<group>";
		};
		11EC079527641DCA004AFE05 /* ClothingInfoView */ = {
			isa = PBXGroup;
			children = (
				115CDEA1276130F4007D82FB /* ClothingDetailViewController.swift */,
				115CDEA327613267007D82FB /* ClothingDetailView.swift */,
				115CDEA727613E8E007D82FB /* ClotingInfoCell.swift */,
				11EC079327641778004AFE05 /* ClothingSymbolsCell.swift */,
			);
			path = ClothingInfoView;
			sourceTree = "<group>";
		};
		11EC0798276578FC004AFE05 /* Fabric */ = {
			isa = PBXGroup;
			children = (
				11AE70A8276AC64A00DB640A /* FabricDetailViewController.swift */,
				11EC0799276580C0004AFE05 /* FabricViewController.swift */,
				11EC079B276580C9004AFE05 /* FabricView.swift */,
				11EC079D276580D4004AFE05 /* FabricCell.swift */,
				11EC079F276581A5004AFE05 /* Fabric.swift */,
				11EEB8702769586E000257F0 /* FabicManager.swift */,
				11AE70AA276AC68B00DB640A /* FabricDetailView.swift */,
			);
			path = Fabric;
			sourceTree = "<group>";
		};
		11EEB86D27693CA3000257F0 /* UnderstandingSymbols */ = {
			isa = PBXGroup;
			children = (
				11EEB86E27693CC9000257F0 /* UnderstandingSymbolsViewController.swift */,
			);
			path = UnderstandingSymbols;
			sourceTree = "<group>";
		};
		11EF18BD2708E71000473615 = {
			isa = PBXGroup;
			children = (
				11EC0792276409A2004AFE05 /* washd.entitlements */,
				11EF18C82708E71000473615 /* washd */,
				11EF18C72708E71000473615 /* Products */,
				11AE70A1276A519600DB640A /* Frameworks */,
			);
			sourceTree = "<group>";
		};
		11EF18C72708E71000473615 /* Products */ = {
			isa = PBXGroup;
			children = (
				11EF18C62708E71000473615 /* washd.app */,
			);
			name = Products;
			sourceTree = "<group>";
		};
		11EF18C82708E71000473615 /* washd */ = {
			isa = PBXGroup;
			children = (
				11A0194827096CE000BDF309 /* Data */,
				1154000827164D9C00104A2C /* Scenes */,
				1154000927164DB300104A2C /* UI */,
				11EF18C92708E71000473615 /* AppDelegate.swift */,
				11EF18CB2708E71000473615 /* SceneDelegate.swift */,
				11EF18CF2708E71000473615 /* Main.storyboard */,
				11EF18D22708E71200473615 /* Assets.xcassets */,
				11EF18D42708E71200473615 /* LaunchScreen.storyboard */,
				11EF18D72708E71200473615 /* Info.plist */,
				11AE709F276A504300DB640A /* GoogleService-Info.plist */,
				11EF18DD2708E89500473615 /* NFCReader.swift */,
			);
			path = washd;
			sourceTree = "<group>";
		};
/* End PBXGroup section */

/* Begin PBXNativeTarget section */
		11EF18C52708E71000473615 /* washd */ = {
			isa = PBXNativeTarget;
			buildConfigurationList = 11EF18DA2708E71200473615 /* Build configuration list for PBXNativeTarget "washd" */;
			buildPhases = (
				11EF18C22708E71000473615 /* Sources */,
				11EF18C32708E71000473615 /* Frameworks */,
				11EF18C42708E71000473615 /* Resources */,
			);
			buildRules = (
			);
			dependencies = (
			);
			name = washd;
			packageProductDependencies = (
				11B22400276ACB1A001BD374 /* FirebaseStorage */,
				11B22402276ACB2B001BD374 /* FirebaseAnalytics */,
				11B22404276ACB2B001BD374 /* FirebaseDatabase */,
			);
			productName = washd;
			productReference = 11EF18C62708E71000473615 /* washd.app */;
			productType = "com.apple.product-type.application";
		};
/* End PBXNativeTarget section */

/* Begin PBXProject section */
		11EF18BE2708E71000473615 /* Project object */ = {
			isa = PBXProject;
			attributes = {
				LastSwiftUpdateCheck = 1250;
				LastUpgradeCheck = 1250;
				TargetAttributes = {
					11EF18C52708E71000473615 = {
						CreatedOnToolsVersion = 12.5.1;
					};
				};
			};
			buildConfigurationList = 11EF18C12708E71000473615 /* Build configuration list for PBXProject "washd" */;
			compatibilityVersion = "Xcode 9.3";
			developmentRegion = en;
			hasScannedForEncodings = 0;
			knownRegions = (
				en,
				Base,
			);
			mainGroup = 11EF18BD2708E71000473615;
			packageReferences = (
				1166C776276A4F5300DEACE2 /* XCRemoteSwiftPackageReference "firebase-ios-sdk" */,
			);
			productRefGroup = 11EF18C72708E71000473615 /* Products */;
			projectDirPath = "";
			projectRoot = "";
			targets = (
				11EF18C52708E71000473615 /* washd */,
			);
		};
/* End PBXProject section */

/* Begin PBXResourcesBuildPhase section */
		11EF18C42708E71000473615 /* Resources */ = {
			isa = PBXResourcesBuildPhase;
			buildActionMask = 2147483647;
			files = (
				1135AF3427092BBB0030B003 /* Montserrat-Light.ttf in Resources */,
				11AE70A0276A504300DB640A /* GoogleService-Info.plist in Resources */,
				1135AF3227092BBB0030B003 /* Montserrat-Bold.ttf in Resources */,
				11EF18D62708E71200473615 /* LaunchScreen.storyboard in Resources */,
				1135AF3527092BBB0030B003 /* Montserrat-SemiBold.ttf in Resources */,
				11EF18D32708E71200473615 /* Assets.xcassets in Resources */,
				1135AF3327092BBB0030B003 /* Montserrat-Regular.ttf in Resources */,
				11EF18D12708E71000473615 /* Main.storyboard in Resources */,
			);
			runOnlyForDeploymentPostprocessing = 0;
		};
/* End PBXResourcesBuildPhase section */

/* Begin PBXSourcesBuildPhase section */
		11EF18C22708E71000473615 /* Sources */ = {
			isa = PBXSourcesBuildPhase;
			buildActionMask = 2147483647;
			files = (
				1154000327164CDA00104A2C /* Wash.swift in Sources */,
				115CDEA827613E8E007D82FB /* ClotingInfoCell.swift in Sources */,
				1154FFFD2714E9B900104A2C /* BasketView.swift in Sources */,
				11A0193927094A2A00BDF309 /* WashingViewController.swift in Sources */,
				11A0193F27096BEA00BDF309 /* Clothing.swift in Sources */,
				1135AF2C27090BD00030B003 /* OptionCell.swift in Sources */,
				11AE70AB276AC68B00DB640A /* FabricDetailView.swift in Sources */,
				115CDEA2276130F4007D82FB /* ClothingDetailViewController.swift in Sources */,
				1191F85627616D23005B47AE /* FilterTypeCell.swift in Sources */,
				1154000527164CF400104A2C /* WashViewCell.swift in Sources */,
				11EF18DE2708E89500473615 /* NFCReader.swift in Sources */,
				1191F85127616621005B47AE /* ClothingHeaderView.swift in Sources */,
				11EC079C276580C9004AFE05 /* FabricView.swift in Sources */,
				115CDE9C275FDFA2007D82FB /* LearningButton.swift in Sources */,
				11AD33AB2708ED9800FBA29C /* Colors.swift in Sources */,
				1154FFFF2714EE4500104A2C /* WashingView.swift in Sources */,
				11A0194327096C5900BDF309 /* ClothingType.swift in Sources */,
				11AE70A9276AC64A00DB640A /* FabricDetailViewController.swift in Sources */,
				11A0194C27096E3A00BDF309 /* ClosetDatabase.swift in Sources */,
				1135AF2627090B680030B003 /* DropdownOption.swift in Sources */,
				1135AF2827090B890030B003 /* DropdownDataSource.swift in Sources */,
				11E41B07270A7F8E00458E56 /* AreaPicker.swift in Sources */,
				1191F85327616678005B47AE /* ClothingFilterManager.swift in Sources */,
				11A0194A27096CF000BDF309 /* TagDatabase.swift in Sources */,
				115CDEA0276035B8007D82FB /* NewEntryOptionsViewController.swift in Sources */,
				1135AF37270930690030B003 /* TextField.swift in Sources */,
				113DB8DB276C29E800860934 /* WashingInstructionsView.swift in Sources */,
				115400012716306C00104A2C /* BasketViewController.swift in Sources */,
				11A01957270A193A00BDF309 /* IconPickerCollectionViewManager.swift in Sources */,
				11EC07A227658EE8004AFE05 /* ClosetViewController.swift in Sources */,
				11A01953270A190A00BDF309 /* HeaderCell.swift in Sources */,
				11A0193C2709538700BDF309 /* WashingCell.swift in Sources */,
				11A01955270A192100BDF309 /* WasingTagCell.swift in Sources */,
				11A0194527096C8100BDF309 /* TagCategory.swift in Sources */,
				1191F84F276165CF005B47AE /* ClothingManager.swift in Sources */,
				11A0194E270A03B500BDF309 /* UIView+Extensions.swift in Sources */,
				115CDE98275EA5D8007D82FB /* HomeView.swift in Sources */,
				11EC079E276580D4004AFE05 /* FabricCell.swift in Sources */,
				11EC079427641778004AFE05 /* ClothingSymbolsCell.swift in Sources */,
				115CDEA427613267007D82FB /* ClothingDetailView.swift in Sources */,
				113DB8D9276C29CF00860934 /* WashingInstructionsViewController.swift in Sources */,
				115CDE96275EA2C0007D82FB /* HomeViewController.swift in Sources */,
				11EF18CE2708E71000473615 /* NewEntryViewController.swift in Sources */,
				11EC079727641F91004AFE05 /* UITableView+Extensions.swift in Sources */,
				11A01950270A09AC00BDF309 /* IconPickerViewController.swift in Sources */,
				11EC079A276580C0004AFE05 /* FabricViewController.swift in Sources */,
				11EF18CA2708E71000473615 /* AppDelegate.swift in Sources */,
				11A0194727096CA600BDF309 /* ClothingColor.swift in Sources */,
				11DB40C22763FEC900347F1D /* ClosetCell.swift in Sources */,
				1135AF2F27090FA30030B003 /* NewEntryView.swift in Sources */,
				11EC07A0276581A5004AFE05 /* Fabric.swift in Sources */,
				11EEB86F27693CC9000257F0 /* UnderstandingSymbolsViewController.swift in Sources */,
				115CDE9E275FE867007D82FB /* NewEntryOptionsView.swift in Sources */,
				113DB8D5276C131500860934 /* TagBlocking.swift in Sources */,
				113DB8D3276BED9900860934 /* InsetTextField.swift in Sources */,
				11A0194127096C3600BDF309 /* WashingTag.swift in Sources */,
				1135AF31270929380030B003 /* Font.swift in Sources */,
				11AB2981271650B7001A89D2 /* BasketDatabase.swift in Sources */,
				1135AF2A27090BA30030B003 /* SelfSizingTableView.swift in Sources */,
				1135AF232708F8E60030B003 /* DropdownPicker.swift in Sources */,
				11DB40BF2763FEB400347F1D /* ClosetView.swift in Sources */,
				115CDE9A275FCE3E007D82FB /* TopButton.swift in Sources */,
				11EEB8712769586E000257F0 /* FabicManager.swift in Sources */,
				11EF18CC2708E71000473615 /* SceneDelegate.swift in Sources */,
				11E41B09270A7FAF00458E56 /* UIStackView+Extensions.swift in Sources */,
			);
			runOnlyForDeploymentPostprocessing = 0;
		};
/* End PBXSourcesBuildPhase section */

/* Begin PBXVariantGroup section */
		11EF18CF2708E71000473615 /* Main.storyboard */ = {
			isa = PBXVariantGroup;
			children = (
				11EF18D02708E71000473615 /* Base */,
			);
			name = Main.storyboard;
			sourceTree = "<group>";
		};
		11EF18D42708E71200473615 /* LaunchScreen.storyboard */ = {
			isa = PBXVariantGroup;
			children = (
				11EF18D52708E71200473615 /* Base */,
			);
			name = LaunchScreen.storyboard;
			sourceTree = "<group>";
		};
/* End PBXVariantGroup section */

/* Begin XCBuildConfiguration section */
		11EF18D82708E71200473615 /* Debug */ = {
			isa = XCBuildConfiguration;
			buildSettings = {
				ALWAYS_SEARCH_USER_PATHS = NO;
				CLANG_ANALYZER_NONNULL = YES;
				CLANG_ANALYZER_NUMBER_OBJECT_CONVERSION = YES_AGGRESSIVE;
				CLANG_CXX_LANGUAGE_STANDARD = "gnu++14";
				CLANG_CXX_LIBRARY = "libc++";
				CLANG_ENABLE_MODULES = YES;
				CLANG_ENABLE_OBJC_ARC = YES;
				CLANG_ENABLE_OBJC_WEAK = YES;
				CLANG_WARN_BLOCK_CAPTURE_AUTORELEASING = YES;
				CLANG_WARN_BOOL_CONVERSION = YES;
				CLANG_WARN_COMMA = YES;
				CLANG_WARN_CONSTANT_CONVERSION = YES;
				CLANG_WARN_DEPRECATED_OBJC_IMPLEMENTATIONS = YES;
				CLANG_WARN_DIRECT_OBJC_ISA_USAGE = YES_ERROR;
				CLANG_WARN_DOCUMENTATION_COMMENTS = YES;
				CLANG_WARN_EMPTY_BODY = YES;
				CLANG_WARN_ENUM_CONVERSION = YES;
				CLANG_WARN_INFINITE_RECURSION = YES;
				CLANG_WARN_INT_CONVERSION = YES;
				CLANG_WARN_NON_LITERAL_NULL_CONVERSION = YES;
				CLANG_WARN_OBJC_IMPLICIT_RETAIN_SELF = YES;
				CLANG_WARN_OBJC_LITERAL_CONVERSION = YES;
				CLANG_WARN_OBJC_ROOT_CLASS = YES_ERROR;
				CLANG_WARN_QUOTED_INCLUDE_IN_FRAMEWORK_HEADER = YES;
				CLANG_WARN_RANGE_LOOP_ANALYSIS = YES;
				CLANG_WARN_STRICT_PROTOTYPES = YES;
				CLANG_WARN_SUSPICIOUS_MOVE = YES;
				CLANG_WARN_UNGUARDED_AVAILABILITY = YES_AGGRESSIVE;
				CLANG_WARN_UNREACHABLE_CODE = YES;
				CLANG_WARN__DUPLICATE_METHOD_MATCH = YES;
				COPY_PHASE_STRIP = NO;
				DEBUG_INFORMATION_FORMAT = dwarf;
				ENABLE_STRICT_OBJC_MSGSEND = YES;
				ENABLE_TESTABILITY = YES;
				GCC_C_LANGUAGE_STANDARD = gnu11;
				GCC_DYNAMIC_NO_PIC = NO;
				GCC_NO_COMMON_BLOCKS = YES;
				GCC_OPTIMIZATION_LEVEL = 0;
				GCC_PREPROCESSOR_DEFINITIONS = (
					"DEBUG=1",
					"$(inherited)",
				);
				GCC_WARN_64_TO_32_BIT_CONVERSION = YES;
				GCC_WARN_ABOUT_RETURN_TYPE = YES_ERROR;
				GCC_WARN_UNDECLARED_SELECTOR = YES;
				GCC_WARN_UNINITIALIZED_AUTOS = YES_AGGRESSIVE;
				GCC_WARN_UNUSED_FUNCTION = YES;
				GCC_WARN_UNUSED_VARIABLE = YES;
				IPHONEOS_DEPLOYMENT_TARGET = 14.5;
				MTL_ENABLE_DEBUG_INFO = INCLUDE_SOURCE;
				MTL_FAST_MATH = YES;
				ONLY_ACTIVE_ARCH = YES;
				SDKROOT = iphoneos;
				SWIFT_ACTIVE_COMPILATION_CONDITIONS = DEBUG;
				SWIFT_OPTIMIZATION_LEVEL = "-Onone";
			};
			name = Debug;
		};
		11EF18D92708E71200473615 /* Release */ = {
			isa = XCBuildConfiguration;
			buildSettings = {
				ALWAYS_SEARCH_USER_PATHS = NO;
				CLANG_ANALYZER_NONNULL = YES;
				CLANG_ANALYZER_NUMBER_OBJECT_CONVERSION = YES_AGGRESSIVE;
				CLANG_CXX_LANGUAGE_STANDARD = "gnu++14";
				CLANG_CXX_LIBRARY = "libc++";
				CLANG_ENABLE_MODULES = YES;
				CLANG_ENABLE_OBJC_ARC = YES;
				CLANG_ENABLE_OBJC_WEAK = YES;
				CLANG_WARN_BLOCK_CAPTURE_AUTORELEASING = YES;
				CLANG_WARN_BOOL_CONVERSION = YES;
				CLANG_WARN_COMMA = YES;
				CLANG_WARN_CONSTANT_CONVERSION = YES;
				CLANG_WARN_DEPRECATED_OBJC_IMPLEMENTATIONS = YES;
				CLANG_WARN_DIRECT_OBJC_ISA_USAGE = YES_ERROR;
				CLANG_WARN_DOCUMENTATION_COMMENTS = YES;
				CLANG_WARN_EMPTY_BODY = YES;
				CLANG_WARN_ENUM_CONVERSION = YES;
				CLANG_WARN_INFINITE_RECURSION = YES;
				CLANG_WARN_INT_CONVERSION = YES;
				CLANG_WARN_NON_LITERAL_NULL_CONVERSION = YES;
				CLANG_WARN_OBJC_IMPLICIT_RETAIN_SELF = YES;
				CLANG_WARN_OBJC_LITERAL_CONVERSION = YES;
				CLANG_WARN_OBJC_ROOT_CLASS = YES_ERROR;
				CLANG_WARN_QUOTED_INCLUDE_IN_FRAMEWORK_HEADER = YES;
				CLANG_WARN_RANGE_LOOP_ANALYSIS = YES;
				CLANG_WARN_STRICT_PROTOTYPES = YES;
				CLANG_WARN_SUSPICIOUS_MOVE = YES;
				CLANG_WARN_UNGUARDED_AVAILABILITY = YES_AGGRESSIVE;
				CLANG_WARN_UNREACHABLE_CODE = YES;
				CLANG_WARN__DUPLICATE_METHOD_MATCH = YES;
				COPY_PHASE_STRIP = NO;
				DEBUG_INFORMATION_FORMAT = "dwarf-with-dsym";
				ENABLE_NS_ASSERTIONS = NO;
				ENABLE_STRICT_OBJC_MSGSEND = YES;
				GCC_C_LANGUAGE_STANDARD = gnu11;
				GCC_NO_COMMON_BLOCKS = YES;
				GCC_WARN_64_TO_32_BIT_CONVERSION = YES;
				GCC_WARN_ABOUT_RETURN_TYPE = YES_ERROR;
				GCC_WARN_UNDECLARED_SELECTOR = YES;
				GCC_WARN_UNINITIALIZED_AUTOS = YES_AGGRESSIVE;
				GCC_WARN_UNUSED_FUNCTION = YES;
				GCC_WARN_UNUSED_VARIABLE = YES;
				IPHONEOS_DEPLOYMENT_TARGET = 14.5;
				MTL_ENABLE_DEBUG_INFO = NO;
				MTL_FAST_MATH = YES;
				SDKROOT = iphoneos;
				SWIFT_COMPILATION_MODE = wholemodule;
				SWIFT_OPTIMIZATION_LEVEL = "-O";
				VALIDATE_PRODUCT = YES;
			};
			name = Release;
		};
		11EF18DB2708E71200473615 /* Debug */ = {
			isa = XCBuildConfiguration;
			buildSettings = {
				ALWAYS_EMBED_SWIFT_STANDARD_LIBRARIES = YES;
				ASSETCATALOG_COMPILER_APPICON_NAME = AppIcon;
				ASSETCATALOG_COMPILER_GLOBAL_ACCENT_COLOR_NAME = AccentColor;
				ASSETCATALOG_COMPILER_INCLUDE_ALL_APPICON_ASSETS = YES;
				CODE_SIGN_ENTITLEMENTS = washd/washd.entitlements;
				CODE_SIGN_STYLE = Automatic;
				CURRENT_PROJECT_VERSION = 4;
				DEVELOPMENT_TEAM = UL74FQ825B;
				INFOPLIST_FILE = washd/Info.plist;
				IPHONEOS_DEPLOYMENT_TARGET = 15.0;
				LD_RUNPATH_SEARCH_PATHS = (
					"$(inherited)",
					"@executable_path/Frameworks",
				);
				PRODUCT_BUNDLE_IDENTIFIER = cc.nimidesign.washd;
				PRODUCT_NAME = "$(TARGET_NAME)";
				SWIFT_VERSION = 5.0;
				TARGETED_DEVICE_FAMILY = "1,2";
			};
			name = Debug;
		};
		11EF18DC2708E71200473615 /* Release */ = {
			isa = XCBuildConfiguration;
			buildSettings = {
				ALWAYS_EMBED_SWIFT_STANDARD_LIBRARIES = YES;
				ASSETCATALOG_COMPILER_APPICON_NAME = AppIcon;
				ASSETCATALOG_COMPILER_GLOBAL_ACCENT_COLOR_NAME = AccentColor;
				ASSETCATALOG_COMPILER_INCLUDE_ALL_APPICON_ASSETS = YES;
				CODE_SIGN_ENTITLEMENTS = washd/washd.entitlements;
				CODE_SIGN_STYLE = Automatic;
				CURRENT_PROJECT_VERSION = 4;
				DEVELOPMENT_TEAM = UL74FQ825B;
				INFOPLIST_FILE = washd/Info.plist;
				IPHONEOS_DEPLOYMENT_TARGET = 15.0;
				LD_RUNPATH_SEARCH_PATHS = (
					"$(inherited)",
					"@executable_path/Frameworks",
				);
				PRODUCT_BUNDLE_IDENTIFIER = cc.nimidesign.washd;
				PRODUCT_NAME = "$(TARGET_NAME)";
				SWIFT_VERSION = 5.0;
				TARGETED_DEVICE_FAMILY = "1,2";
			};
			name = Release;
		};
/* End XCBuildConfiguration section */

/* Begin XCConfigurationList section */
		11EF18C12708E71000473615 /* Build configuration list for PBXProject "washd" */ = {
			isa = XCConfigurationList;
			buildConfigurations = (
				11EF18D82708E71200473615 /* Debug */,
				11EF18D92708E71200473615 /* Release */,
			);
			defaultConfigurationIsVisible = 0;
			defaultConfigurationName = Release;
		};
		11EF18DA2708E71200473615 /* Build configuration list for PBXNativeTarget "washd" */ = {
			isa = XCConfigurationList;
			buildConfigurations = (
				11EF18DB2708E71200473615 /* Debug */,
				11EF18DC2708E71200473615 /* Release */,
			);
			defaultConfigurationIsVisible = 0;
			defaultConfigurationName = Release;
		};
/* End XCConfigurationList section */

/* Begin XCRemoteSwiftPackageReference section */
		1166C776276A4F5300DEACE2 /* XCRemoteSwiftPackageReference "firebase-ios-sdk" */ = {
			isa = XCRemoteSwiftPackageReference;
			repositoryURL = "https://github.com/firebase/firebase-ios-sdk";
			requirement = {
				branch = master;
				kind = branch;
			};
		};
/* End XCRemoteSwiftPackageReference section */

/* Begin XCSwiftPackageProductDependency section */
		11B22400276ACB1A001BD374 /* FirebaseStorage */ = {
			isa = XCSwiftPackageProductDependency;
			package = 1166C776276A4F5300DEACE2 /* XCRemoteSwiftPackageReference "firebase-ios-sdk" */;
			productName = FirebaseStorage;
		};
		11B22402276ACB2B001BD374 /* FirebaseAnalytics */ = {
			isa = XCSwiftPackageProductDependency;
			package = 1166C776276A4F5300DEACE2 /* XCRemoteSwiftPackageReference "firebase-ios-sdk" */;
			productName = FirebaseAnalytics;
		};
		11B22404276ACB2B001BD374 /* FirebaseDatabase */ = {
			isa = XCSwiftPackageProductDependency;
			package = 1166C776276A4F5300DEACE2 /* XCRemoteSwiftPackageReference "firebase-ios-sdk" */;
			productName = FirebaseDatabase;
		};
/* End XCSwiftPackageProductDependency section */
	};
	rootObject = 11EF18BE2708E71000473615 /* Project object */;
}
